
Microsoft Visual Studio Solution File, Format Version 12.00
# Visual Studio Version 17
VisualStudioVersion = 17.1.32421.90
MinimumVisualStudioVersion = 10.0.40219.1
Project("{9A19103F-16F7-4668-BE54-9A1E7A4F7556}") = "StepsAnalyzer.Presentation", "StepsAnalyzer.Presentation\StepsAnalyzer.Presentation.csproj", "{4EC0C8D3-D24D-4F0C-8665-8C0C1B8724C4}"
EndProject
Project("{9A19103F-16F7-4668-BE54-9A1E7A4F7556}") = "StepsAnalyzer", "StepsAnalyzer\StepsAnalyzer.csproj", "{23D41735-0450-44BC-8FE0-B3058113EA0E}"
EndProject
Project("{9A19103F-16F7-4668-BE54-9A1E7A4F7556}") = "UserXmlSerializer", "UserXmlSerializer\UserXmlSerializer.csproj", "{3663E188-4B8C-471D-9268-F9911685C052}"
EndProject
Project("{9A19103F-16F7-4668-BE54-9A1E7A4F7556}") = "UserDeserializer", "UserDeserializer\UserDeserializer.csproj", "{CAD82CD8-1CBB-41D8-B2D1-9AECB62AE2BA}"
EndProject
Project("{9A19103F-16F7-4668-BE54-9A1E7A4F7556}") = "UserJsonSerializer", "UserJsonSerializer\UserJsonSerializer.csproj", "{C722B35E-C099-4614-B9F9-10D5AC030EED}"
EndProject
Project("{FAE04EC0-301F-11D3-BF4B-00C04F79EFBC}") = "CustomControls", "CustomControls\CustomControls.csproj", "{21AE518D-8DA5-445E-9CA4-2D8028B0D0F2}"
EndProject
Global
	GlobalSection(SolutionConfigurationPlatforms) = preSolution
		Debug|Any CPU = Debug|Any CPU
		Release|Any CPU = Release|Any CPU
	EndGlobalSection
	GlobalSection(ProjectConfigurationPlatforms) = postSolution
		{4EC0C8D3-D24D-4F0C-8665-8C0C1B8724C4}.Debug|Any CPU.ActiveCfg = Debug|Any CPU
		{4EC0C8D3-D24D-4F0C-8665-8C0C1B8724C4}.Debug|Any CPU.Build.0 = Debug|Any CPU
		{4EC0C8D3-D24D-4F0C-8665-8C0C1B8724C4}.Release|Any CPU.ActiveCfg = Release|Any CPU
		{4EC0C8D3-D24D-4F0C-8665-8C0C1B8724C4}.Release|Any CPU.Build.0 = Release|Any CPU
		{23D41735-0450-44BC-8FE0-B3058113EA0E}.Debug|Any CPU.ActiveCfg = Debug|Any CPU
		{23D41735-0450-44BC-8FE0-B3058113EA0E}.Debug|Any CPU.Build.0 = Debug|Any CPU
		{23D41735-0450-44BC-8FE0-B3058113EA0E}.Release|Any CPU.ActiveCfg = Release|Any CPU
		{23D41735-0450-44BC-8FE0-B3058113EA0E}.Release|Any CPU.Build.0 = Release|Any CPU
		{3663E188-4B8C-471D-9268-F9911685C052}.Debug|Any CPU.ActiveCfg = Debug|Any CPU
		{3663E188-4B8C-471D-9268-F9911685C052}.Debug|Any CPU.Build.0 = Debug|Any CPU
		{3663E188-4B8C-471D-9268-F9911685C052}.Release|Any CPU.ActiveCfg = Release|Any CPU
		{3663E188-4B8C-471D-9268-F9911685C052}.Release|Any CPU.Build.0 = Release|Any CPU
		{CAD82CD8-1CBB-41D8-B2D1-9AECB62AE2BA}.Debug|Any CPU.ActiveCfg = Debug|Any CPU
		{CAD82CD8-1CBB-41D8-B2D1-9AECB62AE2BA}.Debug|Any CPU.Build.0 = Debug|Any CPU
		{CAD82CD8-1CBB-41D8-B2D1-9AECB62AE2BA}.Release|Any CPU.ActiveCfg = Release|Any CPU
		{CAD82CD8-1CBB-41D8-B2D1-9AECB62AE2BA}.Release|Any CPU.Build.0 = Release|Any CPU
		{C722B35E-C099-4614-B9F9-10D5AC030EED}.Debug|Any CPU.ActiveCfg = Debug|Any CPU
		{C722B35E-C099-4614-B9F9-10D5AC030EED}.Debug|Any CPU.Build.0 = Debug|Any CPU
		{C722B35E-C099-4614-B9F9-10D5AC030EED}.Release|Any CPU.ActiveCfg = Release|Any CPU
		{C722B35E-C099-4614-B9F9-10D5AC030EED}.Release|Any CPU.Build.0 = Release|Any CPU
		{21AE518D-8DA5-445E-9CA4-2D8028B0D0F2}.Debug|Any CPU.ActiveCfg = Debug|Any CPU
		{21AE518D-8DA5-445E-9CA4-2D8028B0D0F2}.Debug|Any CPU.Build.0 = Debug|Any CPU
		{21AE518D-8DA5-445E-9CA4-2D8028B0D0F2}.Release|Any CPU.ActiveCfg = Release|Any CPU
		{21AE518D-8DA5-445E-9CA4-2D8028B0D0F2}.Release|Any CPU.Build.0 = Release|Any CPU
	EndGlobalSection
	GlobalSection(SolutionProperties) = preSolution
		HideSolutionNode = FALSE
	EndGlobalSection
	GlobalSection(ExtensibilityGlobals) = postSolution
		SolutionGuid = {610AB3EB-5F68-4CF3-8B18-5C3E3AB73DF9}
	EndGlobalSection
EndGlobal
